
Microsoft Visual Studio Solution File, Format Version 12.00
# Visual Studio Version 17
VisualStudioVersion = 17.14.36221.1
MinimumVisualStudioVersion = 10.0.40219.1
Project("{FAE04EC0-301F-11D3-BF4B-00C04F79EFBC}") = "WireGram", "WireGram\WireGram.csproj", "{9A1A329B-A14A-49F4-A375-0F4CF8A01439}"
EndProject
Project("{FAE04EC0-301F-11D3-BF4B-00C04F79EFBC}") = "WireGram.Tests", "WireGram.Tests\WireGram.Tests.csproj", "{EDEC63DD-0BC1-48F4-B644-9C8B4C02247B}"
EndProject
Project("{FAE04EC0-301F-11D3-BF4B-00C04F79EFBC}") = "WireGram.Generators", "WireGram.Generators\WireGram.Generators.csproj", "{47D4D175-EFBC-4FA8-A9F1-002B5D38F691}"
EndProject
Global
	GlobalSection(SolutionConfigurationPlatforms) = preSolution
		Debug|Any CPU = Debug|Any CPU
		Release|Any CPU = Release|Any CPU
	EndGlobalSection
	GlobalSection(ProjectConfigurationPlatforms) = postSolution
		{9A1A329B-A14A-49F4-A375-0F4CF8A01439}.Debug|Any CPU.ActiveCfg = Debug|Any CPU
		{9A1A329B-A14A-49F4-A375-0F4CF8A01439}.Debug|Any CPU.Build.0 = Debug|Any CPU
		{9A1A329B-A14A-49F4-A375-0F4CF8A01439}.Release|Any CPU.ActiveCfg = Release|Any CPU
		{9A1A329B-A14A-49F4-A375-0F4CF8A01439}.Release|Any CPU.Build.0 = Release|Any CPU
		{EDEC63DD-0BC1-48F4-B644-9C8B4C02247B}.Debug|Any CPU.ActiveCfg = Debug|Any CPU
		{EDEC63DD-0BC1-48F4-B644-9C8B4C02247B}.Debug|Any CPU.Build.0 = Debug|Any CPU
		{EDEC63DD-0BC1-48F4-B644-9C8B4C02247B}.Release|Any CPU.ActiveCfg = Release|Any CPU
		{EDEC63DD-0BC1-48F4-B644-9C8B4C02247B}.Release|Any CPU.Build.0 = Release|Any CPU
		{47D4D175-EFBC-4FA8-A9F1-002B5D38F691}.Debug|Any CPU.ActiveCfg = Debug|Any CPU
		{47D4D175-EFBC-4FA8-A9F1-002B5D38F691}.Debug|Any CPU.Build.0 = Debug|Any CPU
		{47D4D175-EFBC-4FA8-A9F1-002B5D38F691}.Release|Any CPU.ActiveCfg = Release|Any CPU
		{47D4D175-EFBC-4FA8-A9F1-002B5D38F691}.Release|Any CPU.Build.0 = Release|Any CPU
	EndGlobalSection
	GlobalSection(SolutionProperties) = preSolution
		HideSolutionNode = FALSE
	EndGlobalSection
	GlobalSection(ExtensibilityGlobals) = postSolution
		SolutionGuid = {FBEEF0E2-348E-4910-BC6C-30E85D3BCBBE}
	EndGlobalSection
EndGlobal
